
Microsoft Visual Studio Solution File, Format Version 12.00
# Visual Studio Version 17
VisualStudioVersion = 17.6.33829.357
MinimumVisualStudioVersion = 10.0.40219.1
Project("{FAE04EC0-301F-11D3-BF4B-00C04F79EFBC}") = "parking (sistema de estacionamento)", "parking (sistema de estacionamento)\parking (sistema de estacionamento).csproj", "{F89A6EB4-A1A4-44A7-925A-A62D3F117FD6}"
EndProject
Global
	GlobalSection(SolutionConfigurationPlatforms) = preSolution
		Debug|Any CPU = Debug|Any CPU
		Release|Any CPU = Release|Any CPU
	EndGlobalSection
	GlobalSection(ProjectConfigurationPlatforms) = postSolution
		{F89A6EB4-A1A4-44A7-925A-A62D3F117FD6}.Debug|Any CPU.ActiveCfg = Debug|Any CPU
		{F89A6EB4-A1A4-44A7-925A-A62D3F117FD6}.Debug|Any CPU.Build.0 = Debug|Any CPU
		{F89A6EB4-A1A4-44A7-925A-A62D3F117FD6}.Release|Any CPU.ActiveCfg = Release|Any CPU
		{F89A6EB4-A1A4-44A7-925A-A62D3F117FD6}.Release|Any CPU.Build.0 = Release|Any CPU
	EndGlobalSection
	GlobalSection(SolutionProperties) = preSolution
		HideSolutionNode = FALSE
	EndGlobalSection
	GlobalSection(ExtensibilityGlobals) = postSolution
		SolutionGuid = {796ACC81-B42C-430C-88BF-B43596356386}
	EndGlobalSection
EndGlobal
